Microsoft Visual Studio Solution File, Format Version 12.00
# Visual Studio 2012
Project("{FAE04EC0-301F-11D3-BF4B-00C04F79EFBC}") = "Automaton Desert", "Automaton Desert.csproj", "{03700498-832F-4A95-99AA-13DD51C06FBE}"
EndProject
Global
	GlobalSection(SolutionConfigurationPlatforms) = preSolution
	Debug|Any CPU = Debug|Any CPU
	ExportDebug|Any CPU = ExportDebug|Any CPU
	ExportRelease|Any CPU = ExportRelease|Any CPU
	EndGlobalSection
	GlobalSection(ProjectConfigurationPlatforms) = postSolution
		{03700498-832F-4A95-99AA-13DD51C06FBE}.Debug|Any CPU.ActiveCfg = Debug|Any CPU
		{03700498-832F-4A95-99AA-13DD51C06FBE}.Debug|Any CPU.Build.0 = Debug|Any CPU
		{03700498-832F-4A95-99AA-13DD51C06FBE}.ExportDebug|Any CPU.ActiveCfg = ExportDebug|Any CPU
		{03700498-832F-4A95-99AA-13DD51C06FBE}.ExportDebug|Any CPU.Build.0 = ExportDebug|Any CPU
		{03700498-832F-4A95-99AA-13DD51C06FBE}.ExportRelease|Any CPU.ActiveCfg = ExportRelease|Any CPU
		{03700498-832F-4A95-99AA-13DD51C06FBE}.ExportRelease|Any CPU.Build.0 = ExportRelease|Any CPU
	EndGlobalSection
EndGlobal
